
Microsoft Visual Studio Solution File, Format Version 12.00
# Visual Studio Version 17
VisualStudioVersion = 17.12.35527.113
MinimumVisualStudioVersion = 10.0.40219.1
Project("{FAE04EC0-301F-11D3-BF4B-00C04F79EFBC}") = "VelozientComputers.Web", "VelozientComputers.Web\VelozientComputers.Web.csproj", "{4B7426A5-35AF-477B-A2DA-A7BB258FCB14}"
EndProject
Project("{FAE04EC0-301F-11D3-BF4B-00C04F79EFBC}") = "VelozientComputers.Api", "VelozientComputers.Api\VelozientComputers.Api.csproj", "{B3BFD7BA-E7E0-4ADA-AED2-DDCA0593AF15}"
EndProject
Project("{FAE04EC0-301F-11D3-BF4B-00C04F79EFBC}") = "VelozientComputers.Core", "VelozientComputers.Core\VelozientComputers.Core.csproj", "{A601FC35-CA22-4980-8874-66FF85780003}"
EndProject
Project("{FAE04EC0-301F-11D3-BF4B-00C04F79EFBC}") = "VelozientComputers.Infrastructure", "VelozientComputers.Infrastructure\VelozientComputers.Infrastructure.csproj", "{15F513AE-FB5C-4E8E-A5B3-9FD373B2FED8}"
EndProject
Project("{FAE04EC0-301F-11D3-BF4B-00C04F79EFBC}") = "VelozientComputers.Shared", "VelozientComputers.Shared\VelozientComputers.Shared.csproj", "{1BD2C111-42A7-41FE-9E33-0AA58AABDDBA}"
EndProject
Project("{2150E333-8FDC-42A3-9474-1A3956D46DE8}") = "Tests", "Tests", "{D99BAA41-6951-4035-8076-F3CB216515F5}"
EndProject
Project("{FAE04EC0-301F-11D3-BF4B-00C04F79EFBC}") = "VelozientComputers.Core.Tests", "..\tests\VelozientComputers.Core.Tests\VelozientComputers.Core.Tests.csproj", "{D8C599D1-CA73-4F2B-9B38-96D9192051F0}"
EndProject
Global
	GlobalSection(SolutionConfigurationPlatforms) = preSolution
		Debug|Any CPU = Debug|Any CPU
		Release|Any CPU = Release|Any CPU
	EndGlobalSection
	GlobalSection(ProjectConfigurationPlatforms) = postSolution
		{4B7426A5-35AF-477B-A2DA-A7BB258FCB14}.Debug|Any CPU.ActiveCfg = Debug|Any CPU
		{4B7426A5-35AF-477B-A2DA-A7BB258FCB14}.Debug|Any CPU.Build.0 = Debug|Any CPU
		{4B7426A5-35AF-477B-A2DA-A7BB258FCB14}.Release|Any CPU.ActiveCfg = Release|Any CPU
		{4B7426A5-35AF-477B-A2DA-A7BB258FCB14}.Release|Any CPU.Build.0 = Release|Any CPU
		{B3BFD7BA-E7E0-4ADA-AED2-DDCA0593AF15}.Debug|Any CPU.ActiveCfg = Debug|Any CPU
		{B3BFD7BA-E7E0-4ADA-AED2-DDCA0593AF15}.Debug|Any CPU.Build.0 = Debug|Any CPU
		{B3BFD7BA-E7E0-4ADA-AED2-DDCA0593AF15}.Release|Any CPU.ActiveCfg = Release|Any CPU
		{B3BFD7BA-E7E0-4ADA-AED2-DDCA0593AF15}.Release|Any CPU.Build.0 = Release|Any CPU
		{A601FC35-CA22-4980-8874-66FF85780003}.Debug|Any CPU.ActiveCfg = Debug|Any CPU
		{A601FC35-CA22-4980-8874-66FF85780003}.Debug|Any CPU.Build.0 = Debug|Any CPU
		{A601FC35-CA22-4980-8874-66FF85780003}.Release|Any CPU.ActiveCfg = Release|Any CPU
		{A601FC35-CA22-4980-8874-66FF85780003}.Release|Any CPU.Build.0 = Release|Any CPU
		{15F513AE-FB5C-4E8E-A5B3-9FD373B2FED8}.Debug|Any CPU.ActiveCfg = Debug|Any CPU
		{15F513AE-FB5C-4E8E-A5B3-9FD373B2FED8}.Debug|Any CPU.Build.0 = Debug|Any CPU
		{15F513AE-FB5C-4E8E-A5B3-9FD373B2FED8}.Release|Any CPU.ActiveCfg = Release|Any CPU
		{15F513AE-FB5C-4E8E-A5B3-9FD373B2FED8}.Release|Any CPU.Build.0 = Release|Any CPU
		{1BD2C111-42A7-41FE-9E33-0AA58AABDDBA}.Debug|Any CPU.ActiveCfg = Debug|Any CPU
		{1BD2C111-42A7-41FE-9E33-0AA58AABDDBA}.Debug|Any CPU.Build.0 = Debug|Any CPU
		{1BD2C111-42A7-41FE-9E33-0AA58AABDDBA}.Release|Any CPU.ActiveCfg = Release|Any CPU
		{1BD2C111-42A7-41FE-9E33-0AA58AABDDBA}.Release|Any CPU.Build.0 = Release|Any CPU
		{D8C599D1-CA73-4F2B-9B38-96D9192051F0}.Debug|Any CPU.ActiveCfg = Debug|Any CPU
		{D8C599D1-CA73-4F2B-9B38-96D9192051F0}.Debug|Any CPU.Build.0 = Debug|Any CPU
		{D8C599D1-CA73-4F2B-9B38-96D9192051F0}.Release|Any CPU.ActiveCfg = Release|Any CPU
		{D8C599D1-CA73-4F2B-9B38-96D9192051F0}.Release|Any CPU.Build.0 = Release|Any CPU
	EndGlobalSection
	GlobalSection(SolutionProperties) = preSolution
		HideSolutionNode = FALSE
	EndGlobalSection
	GlobalSection(NestedProjects) = preSolution
		{D8C599D1-CA73-4F2B-9B38-96D9192051F0} = {D99BAA41-6951-4035-8076-F3CB216515F5}
	EndGlobalSection
EndGlobal
